
Microsoft Visual Studio Solution File, Format Version 12.00
# Visual Studio Version 16
VisualStudioVersion = 16.0.29102.190
MinimumVisualStudioVersion = 10.0.40219.1
Project("{FAE04EC0-301F-11D3-BF4B-00C04F79EFBC}") = "Sharp7Library", "Sharp7Library\Sharp7Library.csproj", "{439D5265-E0D7-4847-A4A7-DC741E2BFB16}"
EndProject
Project("{FAE04EC0-301F-11D3-BF4B-00C04F79EFBC}") = "PlcConnect", "PlcConnect\PlcConnect.csproj", "{238BDC96-F79C-4181-A001-2319F54F5090}"
EndProject
Global
	GlobalSection(SolutionConfigurationPlatforms) = preSolution
		Debug|Any CPU = Debug|Any CPU
		Release|Any CPU = Release|Any CPU
	EndGlobalSection
	GlobalSection(ProjectConfigurationPlatforms) = postSolution
		{439D5265-E0D7-4847-A4A7-DC741E2BFB16}.Debug|Any CPU.ActiveCfg = Debug|Any CPU
		{439D5265-E0D7-4847-A4A7-DC741E2BFB16}.Debug|Any CPU.Build.0 = Debug|Any CPU
		{439D5265-E0D7-4847-A4A7-DC741E2BFB16}.Release|Any CPU.ActiveCfg = Release|Any CPU
		{439D5265-E0D7-4847-A4A7-DC741E2BFB16}.Release|Any CPU.Build.0 = Release|Any CPU
		{238BDC96-F79C-4181-A001-2319F54F5090}.Debug|Any CPU.ActiveCfg = Debug|Any CPU
		{238BDC96-F79C-4181-A001-2319F54F5090}.Debug|Any CPU.Build.0 = Debug|Any CPU
		{238BDC96-F79C-4181-A001-2319F54F5090}.Release|Any CPU.ActiveCfg = Release|Any CPU
		{238BDC96-F79C-4181-A001-2319F54F5090}.Release|Any CPU.Build.0 = Release|Any CPU
	EndGlobalSection
	GlobalSection(SolutionProperties) = preSolution
		HideSolutionNode = FALSE
	EndGlobalSection
	GlobalSection(ExtensibilityGlobals) = postSolution
		SolutionGuid = {7B54D6E2-C9E9-4FC4-AD84-BC5F73768B7F}
	EndGlobalSection
EndGlobal
