
Microsoft Visual Studio Solution File, Format Version 12.00
# Visual Studio Version 16
VisualStudioVersion = 16.0.29102.190
MinimumVisualStudioVersion = 10.0.40219.1
Project("{FAE04EC0-301F-11D3-BF4B-00C04F79EFBC}") = "BehaelterSteuerung", "BehaelterSteuerung\BehaelterSteuerung.csproj", "{A825B70B-5261-4DC2-A0B9-92D371EA2D83}"
EndProject
Project("{FAE04EC0-301F-11D3-BF4B-00C04F79EFBC}") = "Tiefgarage", "Tiefgarage\Tiefgarage.csproj", "{06DC1CDA-D9FD-401C-8F12-A832BCF36DF0}"
EndProject
Project("{FAE04EC0-301F-11D3-BF4B-00C04F79EFBC}") = "LAP_2018_4_Niveauregelung", "LAP_2018_4_Niveauregelung\LAP_2018_4_Niveauregelung.csproj", "{D886D544-5996-4C5F-83A3-A5BEF7B0142F}"
EndProject
Project("{FAE04EC0-301F-11D3-BF4B-00C04F79EFBC}") = "LAP_2018_2_Abfuellanlage", "LAP_2018_2_Abfuellanlage\LAP_2018_2_Abfuellanlage.csproj", "{A0649FFA-E9C3-4CE1-8A6E-2595595EE37E}"
EndProject
Project("{FAE04EC0-301F-11D3-BF4B-00C04F79EFBC}") = "AmpelsteuerungKieswerk", "AmpelsteuerungKieswerk\AmpelsteuerungKieswerk.csproj", "{9A9A470D-877F-4168-94E5-047C8D83F59A}"
EndProject
Project("{FAE04EC0-301F-11D3-BF4B-00C04F79EFBC}") = "WordClock", "WordClock\WordClock.csproj", "{17127AA4-1663-4341-AE8A-2F453638E139}"
EndProject
Project("{FAE04EC0-301F-11D3-BF4B-00C04F79EFBC}") = "Synchronisiereinrichtung", "Synchronisiereinrichtung\Synchronisiereinrichtung.csproj", "{4EEA6AD8-5F9D-4AC6-85C4-9DD4D3499B3F}"
EndProject
Project("{FAE04EC0-301F-11D3-BF4B-00C04F79EFBC}") = "Rohrpost", "Rohrpost\Rohrpost.csproj", "{F053E1F3-5474-4FEC-AAC6-116337968F1D}"
EndProject
Project("{9A19103F-16F7-4668-BE54-9A1E7A4F7556}") = "Utilities", "Utilties\Utilities.csproj", "{F6BF4F68-53BD-460B-8235-DBA4188EEE6D}"
EndProject
Project("{FAE04EC0-301F-11D3-BF4B-00C04F79EFBC}") = "CircularGauge", "CircularGauge\CircularGauge.csproj", "{6EFD5895-177B-4BBB-AF52-29F4D53B3FBD}"
EndProject
Project("{FAE04EC0-301F-11D3-BF4B-00C04F79EFBC}") = "Synchronisiereinrichtung.Tests", "Synchronisiereinrichtung.Tests\Synchronisiereinrichtung.Tests.csproj", "{28D43B59-ADA6-4D15-8EE9-2CC47FB2C4DB}"
EndProject
Project("{FAE04EC0-301F-11D3-BF4B-00C04F79EFBC}") = "Utilities.Tests", "Utilities.Tests\Utilities.Tests.csproj", "{FF3DEF8A-80DC-4D03-BA01-27EA7C22B86E}"
EndProject
Project("{FAE04EC0-301F-11D3-BF4B-00C04F79EFBC}") = "LAP_2019_Foerderanlage", "LAP_2019_Foerderanlage\LAP_2019_Foerderanlage.csproj", "{E1551DB1-1778-4129-9949-5A08AFFECBFC}"
EndProject
Project("{9A19103F-16F7-4668-BE54-9A1E7A4F7556}") = "Kommunikation", "Kommunikation\Kommunikation.csproj", "{B017D739-A408-49BD-A9B2-974F7A573C41}"
EndProject
Project("{9A19103F-16F7-4668-BE54-9A1E7A4F7556}") = "RealTimeGraphX", "RealTimeGraphX\RealTimeGraphX.csproj", "{6EB2B4C7-2489-433D-AF1B-A7F80D22A2F8}"
EndProject
Project("{FAE04EC0-301F-11D3-BF4B-00C04F79EFBC}") = "RealTimeGraphX.WPF", "RealTimeGraphX.WPF\RealTimeGraphX.WPF.csproj", "{6B9774F7-960D-438E-AD81-C6B9BE328D50}"
EndProject
Project("{FAE04EC0-301F-11D3-BF4B-00C04F79EFBC}") = "Nadeltelegraph", "Nadeltelegraph\Nadeltelegraph.csproj", "{CE2693DC-2C3F-4F2B-9FF0-02A3E0B3A192}"
EndProject
Project("{FAE04EC0-301F-11D3-BF4B-00C04F79EFBC}") = "LAP_2010_1_Kompressoranlage", "LAP_2010_1_Kompressoranlage\LAP_2010_1_Kompressoranlage.csproj", "{12F753E0-6CB8-4E29-99A8-1928D6A34DB7}"
EndProject
Project("{FAE04EC0-301F-11D3-BF4B-00C04F79EFBC}") = "LAP_2010_3_Ofentuersteuerung", "LAP_2010_3_Ofentuersteuerung\LAP_2010_3_Ofentuersteuerung.csproj", "{61ACC9C0-648B-45B6-93BC-D8D54F52301D}"
EndProject
Project("{FAE04EC0-301F-11D3-BF4B-00C04F79EFBC}") = "LAP_2010_2_Transportwagen", "LAP_2010_2_Transportwagen\LAP_2010_2_Transportwagen.csproj", "{9DD3D43C-4B6E-4791-91D3-C548C3DE8573}"
EndProject
Project("{FAE04EC0-301F-11D3-BF4B-00C04F79EFBC}") = "LAP_2010_4_Abfuellanlage", "LAP_2010_4_Abfuellanlage\LAP_2010_4_Abfuellanlage.csproj", "{7CD28C95-9590-4F10-8930-13EF7097A342}"
EndProject
Project("{FAE04EC0-301F-11D3-BF4B-00C04F79EFBC}") = "LAP_2010_5_Pumpensteuerung", "LAP_2010_5_Pumpensteuerung\LAP_2010_5_Pumpensteuerung.csproj", "{BB49A983-FF89-4DEB-BC33-1E260D6B217A}"
EndProject
Project("{FAE04EC0-301F-11D3-BF4B-00C04F79EFBC}") = "StiegenhausBeleuchtung", "StiegenhausBeleuchtung\StiegenhausBeleuchtung.csproj", "{6856142F-1FBB-4C9D-980F-4CBC476E175F}"
EndProject
Project("{FAE04EC0-301F-11D3-BF4B-00C04F79EFBC}") = "LAP_2018_1_Silosteuerung", "LAP_2018_1_Silosteuerung\LAP_2018_1_Silosteuerung.csproj", "{ED26FB48-6326-4FD4-9CA9-EB861673C62C}"
EndProject
Project("{FAE04EC0-301F-11D3-BF4B-00C04F79EFBC}") = "LAP_2018_3_Hydraulikaggregat", "LAP_2018_3_Hydraulikaggregat\LAP_2018_3_Hydraulikaggregat.csproj", "{5FE16741-D22E-4FAF-AEDF-6FB9F62274D5}"
EndProject
Project("{FAE04EC0-301F-11D3-BF4B-00C04F79EFBC}") = "PaternosterLager", "PaternosterLager\PaternosterLager.csproj", "{8B3375A1-E2EF-4D2C-B603-FE6361F094AA}"
EndProject
Project("{FAE04EC0-301F-11D3-BF4B-00C04F79EFBC}") = "3dAutomatischesLagersystem", "3dAutomatischesLagersystem\3dAutomatischesLagersystem.csproj", "{F5B8B595-FE90-4CB1-BF6D-578878B05AA6}"
EndProject
Global
	GlobalSection(SolutionConfigurationPlatforms) = preSolution
		Debug|Any CPU = Debug|Any CPU
		Release|Any CPU = Release|Any CPU
	EndGlobalSection
	GlobalSection(ProjectConfigurationPlatforms) = postSolution
		{A825B70B-5261-4DC2-A0B9-92D371EA2D83}.Debug|Any CPU.ActiveCfg = Debug|Any CPU
		{A825B70B-5261-4DC2-A0B9-92D371EA2D83}.Debug|Any CPU.Build.0 = Debug|Any CPU
		{A825B70B-5261-4DC2-A0B9-92D371EA2D83}.Release|Any CPU.ActiveCfg = Release|Any CPU
		{A825B70B-5261-4DC2-A0B9-92D371EA2D83}.Release|Any CPU.Build.0 = Release|Any CPU
		{06DC1CDA-D9FD-401C-8F12-A832BCF36DF0}.Debug|Any CPU.ActiveCfg = Debug|Any CPU
		{06DC1CDA-D9FD-401C-8F12-A832BCF36DF0}.Debug|Any CPU.Build.0 = Debug|Any CPU
		{06DC1CDA-D9FD-401C-8F12-A832BCF36DF0}.Release|Any CPU.ActiveCfg = Release|Any CPU
		{06DC1CDA-D9FD-401C-8F12-A832BCF36DF0}.Release|Any CPU.Build.0 = Release|Any CPU
		{D886D544-5996-4C5F-83A3-A5BEF7B0142F}.Debug|Any CPU.ActiveCfg = Debug|Any CPU
		{D886D544-5996-4C5F-83A3-A5BEF7B0142F}.Debug|Any CPU.Build.0 = Debug|Any CPU
		{D886D544-5996-4C5F-83A3-A5BEF7B0142F}.Release|Any CPU.ActiveCfg = Release|Any CPU
		{D886D544-5996-4C5F-83A3-A5BEF7B0142F}.Release|Any CPU.Build.0 = Release|Any CPU
		{A0649FFA-E9C3-4CE1-8A6E-2595595EE37E}.Debug|Any CPU.ActiveCfg = Debug|Any CPU
		{A0649FFA-E9C3-4CE1-8A6E-2595595EE37E}.Debug|Any CPU.Build.0 = Debug|Any CPU
		{A0649FFA-E9C3-4CE1-8A6E-2595595EE37E}.Release|Any CPU.ActiveCfg = Release|Any CPU
		{A0649FFA-E9C3-4CE1-8A6E-2595595EE37E}.Release|Any CPU.Build.0 = Release|Any CPU
		{9A9A470D-877F-4168-94E5-047C8D83F59A}.Debug|Any CPU.ActiveCfg = Debug|Any CPU
		{9A9A470D-877F-4168-94E5-047C8D83F59A}.Debug|Any CPU.Build.0 = Debug|Any CPU
		{9A9A470D-877F-4168-94E5-047C8D83F59A}.Release|Any CPU.ActiveCfg = Release|Any CPU
		{9A9A470D-877F-4168-94E5-047C8D83F59A}.Release|Any CPU.Build.0 = Release|Any CPU
		{17127AA4-1663-4341-AE8A-2F453638E139}.Debug|Any CPU.ActiveCfg = Debug|Any CPU
		{17127AA4-1663-4341-AE8A-2F453638E139}.Debug|Any CPU.Build.0 = Debug|Any CPU
		{17127AA4-1663-4341-AE8A-2F453638E139}.Release|Any CPU.ActiveCfg = Release|Any CPU
		{17127AA4-1663-4341-AE8A-2F453638E139}.Release|Any CPU.Build.0 = Release|Any CPU
		{4EEA6AD8-5F9D-4AC6-85C4-9DD4D3499B3F}.Debug|Any CPU.ActiveCfg = Debug|Any CPU
		{4EEA6AD8-5F9D-4AC6-85C4-9DD4D3499B3F}.Debug|Any CPU.Build.0 = Debug|Any CPU
		{4EEA6AD8-5F9D-4AC6-85C4-9DD4D3499B3F}.Release|Any CPU.ActiveCfg = Release|Any CPU
		{4EEA6AD8-5F9D-4AC6-85C4-9DD4D3499B3F}.Release|Any CPU.Build.0 = Release|Any CPU
		{F053E1F3-5474-4FEC-AAC6-116337968F1D}.Debug|Any CPU.ActiveCfg = Debug|Any CPU
		{F053E1F3-5474-4FEC-AAC6-116337968F1D}.Debug|Any CPU.Build.0 = Debug|Any CPU
		{F053E1F3-5474-4FEC-AAC6-116337968F1D}.Release|Any CPU.ActiveCfg = Release|Any CPU
		{F053E1F3-5474-4FEC-AAC6-116337968F1D}.Release|Any CPU.Build.0 = Release|Any CPU
		{F6BF4F68-53BD-460B-8235-DBA4188EEE6D}.Debug|Any CPU.ActiveCfg = Debug|Any CPU
		{F6BF4F68-53BD-460B-8235-DBA4188EEE6D}.Debug|Any CPU.Build.0 = Debug|Any CPU
		{F6BF4F68-53BD-460B-8235-DBA4188EEE6D}.Release|Any CPU.ActiveCfg = Release|Any CPU
		{F6BF4F68-53BD-460B-8235-DBA4188EEE6D}.Release|Any CPU.Build.0 = Release|Any CPU
		{6EFD5895-177B-4BBB-AF52-29F4D53B3FBD}.Debug|Any CPU.ActiveCfg = Debug|Any CPU
		{6EFD5895-177B-4BBB-AF52-29F4D53B3FBD}.Debug|Any CPU.Build.0 = Debug|Any CPU
		{6EFD5895-177B-4BBB-AF52-29F4D53B3FBD}.Release|Any CPU.ActiveCfg = Release|Any CPU
		{6EFD5895-177B-4BBB-AF52-29F4D53B3FBD}.Release|Any CPU.Build.0 = Release|Any CPU
		{28D43B59-ADA6-4D15-8EE9-2CC47FB2C4DB}.Debug|Any CPU.ActiveCfg = Debug|Any CPU
		{28D43B59-ADA6-4D15-8EE9-2CC47FB2C4DB}.Debug|Any CPU.Build.0 = Debug|Any CPU
		{28D43B59-ADA6-4D15-8EE9-2CC47FB2C4DB}.Release|Any CPU.ActiveCfg = Release|Any CPU
		{28D43B59-ADA6-4D15-8EE9-2CC47FB2C4DB}.Release|Any CPU.Build.0 = Release|Any CPU
		{FF3DEF8A-80DC-4D03-BA01-27EA7C22B86E}.Debug|Any CPU.ActiveCfg = Debug|Any CPU
		{FF3DEF8A-80DC-4D03-BA01-27EA7C22B86E}.Debug|Any CPU.Build.0 = Debug|Any CPU
		{FF3DEF8A-80DC-4D03-BA01-27EA7C22B86E}.Release|Any CPU.ActiveCfg = Release|Any CPU
		{FF3DEF8A-80DC-4D03-BA01-27EA7C22B86E}.Release|Any CPU.Build.0 = Release|Any CPU
		{E1551DB1-1778-4129-9949-5A08AFFECBFC}.Debug|Any CPU.ActiveCfg = Debug|Any CPU
		{E1551DB1-1778-4129-9949-5A08AFFECBFC}.Debug|Any CPU.Build.0 = Debug|Any CPU
		{E1551DB1-1778-4129-9949-5A08AFFECBFC}.Release|Any CPU.ActiveCfg = Release|Any CPU
		{E1551DB1-1778-4129-9949-5A08AFFECBFC}.Release|Any CPU.Build.0 = Release|Any CPU
		{B017D739-A408-49BD-A9B2-974F7A573C41}.Debug|Any CPU.ActiveCfg = Debug|Any CPU
		{B017D739-A408-49BD-A9B2-974F7A573C41}.Debug|Any CPU.Build.0 = Debug|Any CPU
		{B017D739-A408-49BD-A9B2-974F7A573C41}.Release|Any CPU.ActiveCfg = Release|Any CPU
		{B017D739-A408-49BD-A9B2-974F7A573C41}.Release|Any CPU.Build.0 = Release|Any CPU
		{6EB2B4C7-2489-433D-AF1B-A7F80D22A2F8}.Debug|Any CPU.ActiveCfg = Debug|Any CPU
		{6EB2B4C7-2489-433D-AF1B-A7F80D22A2F8}.Debug|Any CPU.Build.0 = Debug|Any CPU
		{6EB2B4C7-2489-433D-AF1B-A7F80D22A2F8}.Release|Any CPU.ActiveCfg = Release|Any CPU
		{6EB2B4C7-2489-433D-AF1B-A7F80D22A2F8}.Release|Any CPU.Build.0 = Release|Any CPU
		{6B9774F7-960D-438E-AD81-C6B9BE328D50}.Debug|Any CPU.ActiveCfg = Debug|Any CPU
		{6B9774F7-960D-438E-AD81-C6B9BE328D50}.Debug|Any CPU.Build.0 = Debug|Any CPU
		{6B9774F7-960D-438E-AD81-C6B9BE328D50}.Release|Any CPU.ActiveCfg = Release|Any CPU
		{6B9774F7-960D-438E-AD81-C6B9BE328D50}.Release|Any CPU.Build.0 = Release|Any CPU
		{CE2693DC-2C3F-4F2B-9FF0-02A3E0B3A192}.Debug|Any CPU.ActiveCfg = Debug|Any CPU
		{CE2693DC-2C3F-4F2B-9FF0-02A3E0B3A192}.Debug|Any CPU.Build.0 = Debug|Any CPU
		{CE2693DC-2C3F-4F2B-9FF0-02A3E0B3A192}.Release|Any CPU.ActiveCfg = Release|Any CPU
		{CE2693DC-2C3F-4F2B-9FF0-02A3E0B3A192}.Release|Any CPU.Build.0 = Release|Any CPU
		{12F753E0-6CB8-4E29-99A8-1928D6A34DB7}.Debug|Any CPU.ActiveCfg = Debug|Any CPU
		{12F753E0-6CB8-4E29-99A8-1928D6A34DB7}.Debug|Any CPU.Build.0 = Debug|Any CPU
		{12F753E0-6CB8-4E29-99A8-1928D6A34DB7}.Release|Any CPU.ActiveCfg = Release|Any CPU
		{12F753E0-6CB8-4E29-99A8-1928D6A34DB7}.Release|Any CPU.Build.0 = Release|Any CPU
		{61ACC9C0-648B-45B6-93BC-D8D54F52301D}.Debug|Any CPU.ActiveCfg = Debug|Any CPU
		{61ACC9C0-648B-45B6-93BC-D8D54F52301D}.Debug|Any CPU.Build.0 = Debug|Any CPU
		{61ACC9C0-648B-45B6-93BC-D8D54F52301D}.Release|Any CPU.ActiveCfg = Release|Any CPU
		{61ACC9C0-648B-45B6-93BC-D8D54F52301D}.Release|Any CPU.Build.0 = Release|Any CPU
		{9DD3D43C-4B6E-4791-91D3-C548C3DE8573}.Debug|Any CPU.ActiveCfg = Debug|Any CPU
		{9DD3D43C-4B6E-4791-91D3-C548C3DE8573}.Debug|Any CPU.Build.0 = Debug|Any CPU
		{9DD3D43C-4B6E-4791-91D3-C548C3DE8573}.Release|Any CPU.ActiveCfg = Release|Any CPU
		{9DD3D43C-4B6E-4791-91D3-C548C3DE8573}.Release|Any CPU.Build.0 = Release|Any CPU
		{7CD28C95-9590-4F10-8930-13EF7097A342}.Debug|Any CPU.ActiveCfg = Debug|Any CPU
		{7CD28C95-9590-4F10-8930-13EF7097A342}.Debug|Any CPU.Build.0 = Debug|Any CPU
		{7CD28C95-9590-4F10-8930-13EF7097A342}.Release|Any CPU.ActiveCfg = Release|Any CPU
		{7CD28C95-9590-4F10-8930-13EF7097A342}.Release|Any CPU.Build.0 = Release|Any CPU
		{BB49A983-FF89-4DEB-BC33-1E260D6B217A}.Debug|Any CPU.ActiveCfg = Debug|Any CPU
		{BB49A983-FF89-4DEB-BC33-1E260D6B217A}.Debug|Any CPU.Build.0 = Debug|Any CPU
		{BB49A983-FF89-4DEB-BC33-1E260D6B217A}.Release|Any CPU.ActiveCfg = Release|Any CPU
		{BB49A983-FF89-4DEB-BC33-1E260D6B217A}.Release|Any CPU.Build.0 = Release|Any CPU
		{6856142F-1FBB-4C9D-980F-4CBC476E175F}.Debug|Any CPU.ActiveCfg = Debug|Any CPU
		{6856142F-1FBB-4C9D-980F-4CBC476E175F}.Debug|Any CPU.Build.0 = Debug|Any CPU
		{6856142F-1FBB-4C9D-980F-4CBC476E175F}.Release|Any CPU.ActiveCfg = Release|Any CPU
		{6856142F-1FBB-4C9D-980F-4CBC476E175F}.Release|Any CPU.Build.0 = Release|Any CPU
		{ED26FB48-6326-4FD4-9CA9-EB861673C62C}.Debug|Any CPU.ActiveCfg = Debug|Any CPU
		{ED26FB48-6326-4FD4-9CA9-EB861673C62C}.Debug|Any CPU.Build.0 = Debug|Any CPU
		{ED26FB48-6326-4FD4-9CA9-EB861673C62C}.Release|Any CPU.ActiveCfg = Release|Any CPU
		{ED26FB48-6326-4FD4-9CA9-EB861673C62C}.Release|Any CPU.Build.0 = Release|Any CPU
		{5FE16741-D22E-4FAF-AEDF-6FB9F62274D5}.Debug|Any CPU.ActiveCfg = Debug|Any CPU
		{5FE16741-D22E-4FAF-AEDF-6FB9F62274D5}.Debug|Any CPU.Build.0 = Debug|Any CPU
		{5FE16741-D22E-4FAF-AEDF-6FB9F62274D5}.Release|Any CPU.ActiveCfg = Release|Any CPU
		{5FE16741-D22E-4FAF-AEDF-6FB9F62274D5}.Release|Any CPU.Build.0 = Release|Any CPU
		{8B3375A1-E2EF-4D2C-B603-FE6361F094AA}.Debug|Any CPU.ActiveCfg = Debug|Any CPU
		{8B3375A1-E2EF-4D2C-B603-FE6361F094AA}.Debug|Any CPU.Build.0 = Debug|Any CPU
		{8B3375A1-E2EF-4D2C-B603-FE6361F094AA}.Release|Any CPU.ActiveCfg = Release|Any CPU
		{8B3375A1-E2EF-4D2C-B603-FE6361F094AA}.Release|Any CPU.Build.0 = Release|Any CPU
		{F5B8B595-FE90-4CB1-BF6D-578878B05AA6}.Debug|Any CPU.ActiveCfg = Debug|Any CPU
		{F5B8B595-FE90-4CB1-BF6D-578878B05AA6}.Debug|Any CPU.Build.0 = Debug|Any CPU
		{F5B8B595-FE90-4CB1-BF6D-578878B05AA6}.Release|Any CPU.ActiveCfg = Release|Any CPU
		{F5B8B595-FE90-4CB1-BF6D-578878B05AA6}.Release|Any CPU.Build.0 = Release|Any CPU
	EndGlobalSection
	GlobalSection(SolutionProperties) = preSolution
		HideSolutionNode = FALSE
	EndGlobalSection
	GlobalSection(ExtensibilityGlobals) = postSolution
		SolutionGuid = {7B54D6E2-C9E9-4FC4-AD84-BC5F73768B7F}
	EndGlobalSection
EndGlobal
