
Microsoft Visual Studio Solution File, Format Version 12.00
# Visual Studio Version 16
VisualStudioVersion = 16.0.29102.190
MinimumVisualStudioVersion = 10.0.40219.1
Project("{FAE04EC0-301F-11D3-BF4B-00C04F79EFBC}") = "PlcConnect", "PlcConnect\PlcConnect.csproj", "{5CF4B854-A672-4AEF-9E53-E3A919C389EA}"
EndProject
Project("{FAE04EC0-301F-11D3-BF4B-00C04F79EFBC}") = "BehälterSteuerung", "BehälterSteuerung\BehälterSteuerung.csproj", "{A825B70B-5261-4DC2-A0B9-92D371EA2D83}"
EndProject
Project("{FAE04EC0-301F-11D3-BF4B-00C04F79EFBC}") = "Tiefgarage", "Tiefgarage\Tiefgarage.csproj", "{06DC1CDA-D9FD-401C-8F12-A832BCF36DF0}"
EndProject
Project("{FAE04EC0-301F-11D3-BF4B-00C04F79EFBC}") = "LAP_2018_Niveauregelung", "LAP_2018_Niveauregelung\LAP_2018_Niveauregelung.csproj", "{D886D544-5996-4C5F-83A3-A5BEF7B0142F}"
EndProject
Project("{FAE04EC0-301F-11D3-BF4B-00C04F79EFBC}") = "LAP_2018_Abfuellanlage", "LAP_2018_Abfuellanlage\LAP_2018_Abfuellanlage.csproj", "{A0649FFA-E9C3-4CE1-8A6E-2595595EE37E}"
EndProject
Project("{FAE04EC0-301F-11D3-BF4B-00C04F79EFBC}") = "AmpelsteuerungKieswerk", "AmpelsteuerungKieswerk\AmpelsteuerungKieswerk.csproj", "{9A9A470D-877F-4168-94E5-047C8D83F59A}"
EndProject
Project("{FAE04EC0-301F-11D3-BF4B-00C04F79EFBC}") = "WordClock", "WordClock\WordClock.csproj", "{17127AA4-1663-4341-AE8A-2F453638E139}"
EndProject
Global
	GlobalSection(SolutionConfigurationPlatforms) = preSolution
		Debug|Any CPU = Debug|Any CPU
		Release|Any CPU = Release|Any CPU
	EndGlobalSection
	GlobalSection(ProjectConfigurationPlatforms) = postSolution
		{5CF4B854-A672-4AEF-9E53-E3A919C389EA}.Debug|Any CPU.ActiveCfg = Debug|Any CPU
		{5CF4B854-A672-4AEF-9E53-E3A919C389EA}.Debug|Any CPU.Build.0 = Debug|Any CPU
		{5CF4B854-A672-4AEF-9E53-E3A919C389EA}.Release|Any CPU.ActiveCfg = Release|Any CPU
		{5CF4B854-A672-4AEF-9E53-E3A919C389EA}.Release|Any CPU.Build.0 = Release|Any CPU
		{A825B70B-5261-4DC2-A0B9-92D371EA2D83}.Debug|Any CPU.ActiveCfg = Debug|Any CPU
		{A825B70B-5261-4DC2-A0B9-92D371EA2D83}.Debug|Any CPU.Build.0 = Debug|Any CPU
		{A825B70B-5261-4DC2-A0B9-92D371EA2D83}.Release|Any CPU.ActiveCfg = Release|Any CPU
		{A825B70B-5261-4DC2-A0B9-92D371EA2D83}.Release|Any CPU.Build.0 = Release|Any CPU
		{06DC1CDA-D9FD-401C-8F12-A832BCF36DF0}.Debug|Any CPU.ActiveCfg = Debug|Any CPU
		{06DC1CDA-D9FD-401C-8F12-A832BCF36DF0}.Debug|Any CPU.Build.0 = Debug|Any CPU
		{06DC1CDA-D9FD-401C-8F12-A832BCF36DF0}.Release|Any CPU.ActiveCfg = Release|Any CPU
		{06DC1CDA-D9FD-401C-8F12-A832BCF36DF0}.Release|Any CPU.Build.0 = Release|Any CPU
		{D886D544-5996-4C5F-83A3-A5BEF7B0142F}.Debug|Any CPU.ActiveCfg = Debug|Any CPU
		{D886D544-5996-4C5F-83A3-A5BEF7B0142F}.Debug|Any CPU.Build.0 = Debug|Any CPU
		{D886D544-5996-4C5F-83A3-A5BEF7B0142F}.Release|Any CPU.ActiveCfg = Release|Any CPU
		{D886D544-5996-4C5F-83A3-A5BEF7B0142F}.Release|Any CPU.Build.0 = Release|Any CPU
		{A0649FFA-E9C3-4CE1-8A6E-2595595EE37E}.Debug|Any CPU.ActiveCfg = Debug|Any CPU
		{A0649FFA-E9C3-4CE1-8A6E-2595595EE37E}.Debug|Any CPU.Build.0 = Debug|Any CPU
		{A0649FFA-E9C3-4CE1-8A6E-2595595EE37E}.Release|Any CPU.ActiveCfg = Release|Any CPU
		{A0649FFA-E9C3-4CE1-8A6E-2595595EE37E}.Release|Any CPU.Build.0 = Release|Any CPU
		{9A9A470D-877F-4168-94E5-047C8D83F59A}.Debug|Any CPU.ActiveCfg = Debug|Any CPU
		{9A9A470D-877F-4168-94E5-047C8D83F59A}.Debug|Any CPU.Build.0 = Debug|Any CPU
		{9A9A470D-877F-4168-94E5-047C8D83F59A}.Release|Any CPU.ActiveCfg = Release|Any CPU
		{9A9A470D-877F-4168-94E5-047C8D83F59A}.Release|Any CPU.Build.0 = Release|Any CPU
		{17127AA4-1663-4341-AE8A-2F453638E139}.Debug|Any CPU.ActiveCfg = Debug|Any CPU
		{17127AA4-1663-4341-AE8A-2F453638E139}.Debug|Any CPU.Build.0 = Debug|Any CPU
		{17127AA4-1663-4341-AE8A-2F453638E139}.Release|Any CPU.ActiveCfg = Release|Any CPU
		{17127AA4-1663-4341-AE8A-2F453638E139}.Release|Any CPU.Build.0 = Release|Any CPU
	EndGlobalSection
	GlobalSection(SolutionProperties) = preSolution
		HideSolutionNode = FALSE
	EndGlobalSection
	GlobalSection(ExtensibilityGlobals) = postSolution
		SolutionGuid = {7B54D6E2-C9E9-4FC4-AD84-BC5F73768B7F}
	EndGlobalSection
EndGlobal
